
Microsoft Visual Studio Solution File, Format Version 12.00
# Visual Studio 15
VisualStudioVersion = 15.0.26403.7
MinimumVisualStudioVersion = 10.0.40219.1
Project("{FAE04EC0-301F-11D3-BF4B-00C04F79EFBC}") = "CodingExercise.Logic", "CodingExercise.Logic\CodingExercise.Logic.csproj", "{3CB66BDC-5FF6-4A5F-9100-586678EB9B3C}"
EndProject
Project("{FAE04EC0-301F-11D3-BF4B-00C04F79EFBC}") = "CodingExercise.Web", "CodingExercise.Web\CodingExercise.Web.csproj", "{7322FD46-7D87-434E-9B14-E73424CE9024}"
EndProject
Project("{FAE04EC0-301F-11D3-BF4B-00C04F79EFBC}") = "CodingExercise.Logic.Tests", "CodingExercise.Logic.Tests\CodingExercise.Logic.Tests.csproj", "{D0EC794C-0B6C-4708-AB3F-132B169DDC65}"
EndProject
Project("{FAE04EC0-301F-11D3-BF4B-00C04F79EFBC}") = "CodingExercise.Web.Tests", "CodingExercise.Web.Tests\CodingExercise.Web.Tests.csproj", "{29B833FC-41F0-4C17-9AE1-9996A4E8C776}"
EndProject
Global
	GlobalSection(SolutionConfigurationPlatforms) = preSolution
		Debug|Any CPU = Debug|Any CPU
		Release|Any CPU = Release|Any CPU
	EndGlobalSection
	GlobalSection(ProjectConfigurationPlatforms) = postSolution
		{3CB66BDC-5FF6-4A5F-9100-586678EB9B3C}.Debug|Any CPU.ActiveCfg = Debug|Any CPU
		{3CB66BDC-5FF6-4A5F-9100-586678EB9B3C}.Debug|Any CPU.Build.0 = Debug|Any CPU
		{3CB66BDC-5FF6-4A5F-9100-586678EB9B3C}.Release|Any CPU.ActiveCfg = Release|Any CPU
		{3CB66BDC-5FF6-4A5F-9100-586678EB9B3C}.Release|Any CPU.Build.0 = Release|Any CPU
		{7322FD46-7D87-434E-9B14-E73424CE9024}.Debug|Any CPU.ActiveCfg = Debug|Any CPU
		{7322FD46-7D87-434E-9B14-E73424CE9024}.Debug|Any CPU.Build.0 = Debug|Any CPU
		{7322FD46-7D87-434E-9B14-E73424CE9024}.Release|Any CPU.ActiveCfg = Release|Any CPU
		{7322FD46-7D87-434E-9B14-E73424CE9024}.Release|Any CPU.Build.0 = Release|Any CPU
		{D0EC794C-0B6C-4708-AB3F-132B169DDC65}.Debug|Any CPU.ActiveCfg = Debug|Any CPU
		{D0EC794C-0B6C-4708-AB3F-132B169DDC65}.Debug|Any CPU.Build.0 = Debug|Any CPU
		{D0EC794C-0B6C-4708-AB3F-132B169DDC65}.Release|Any CPU.ActiveCfg = Release|Any CPU
		{D0EC794C-0B6C-4708-AB3F-132B169DDC65}.Release|Any CPU.Build.0 = Release|Any CPU
		{29B833FC-41F0-4C17-9AE1-9996A4E8C776}.Debug|Any CPU.ActiveCfg = Debug|Any CPU
		{29B833FC-41F0-4C17-9AE1-9996A4E8C776}.Debug|Any CPU.Build.0 = Debug|Any CPU
		{29B833FC-41F0-4C17-9AE1-9996A4E8C776}.Release|Any CPU.ActiveCfg = Release|Any CPU
		{29B833FC-41F0-4C17-9AE1-9996A4E8C776}.Release|Any CPU.Build.0 = Release|Any CPU
	EndGlobalSection
	GlobalSection(SolutionProperties) = preSolution
		HideSolutionNode = FALSE
	EndGlobalSection
EndGlobal
